PODS:
  - AFNetworking (3.0.4):
    - AFNetworking/NSURLSession (= 3.0.4)
    - AFNetworking/Reachability (= 3.0.4)
    - AFNetworking/Security (= 3.0.4)
    - AFNetworking/Serialization (= 3.0.4)
    - AFNetworking/UIKit (= 3.0.4)
  - AFNetworking/NSURLSession (3.0.4):
    - AFNetworking/Reachability
    - AFNetworking/Security
    - AFNetworking/Serialization
  - AFNetworking/Reachability (3.0.4)
  - AFNetworking/Security (3.0.4)
  - AFNetworking/Serialization (3.0.4)
  - AFNetworking/UIKit (3.0.4):
    - AFNetworking/NSURLSession
  - AVOSCloud (3.2.7)
  - AVOSCloudIM (3.2.7):
    - AVOSCloud
  - Masonry (0.6.4)
  - Realm (0.98.5):
    - Realm/Headers (= 0.98.5)
  - Realm/Headers (0.98.5)
  - YYModel (1.0.2)

DEPENDENCIES:
  - AFNetworking
  - AVOSCloud
  - AVOSCloudIM
  - Masonry
  - Realm
  - YYModel

SPEC CHECKSUMS:
  AFNetworking: a0075feb321559dc78d9d85b55d11caa19eabb93
  AVOSCloud: 957d1508104d7c8ed501df9d9b734d7a98c2e047
  AVOSCloudIM: ec08eaec4d27d732e3be93eadeb3bcf1355b5dcf
  Masonry: 281802d04d787ea2973179ee8bcb50500579ede2
  Realm: db08379969e45cea2edd1c3c0a090fe9e22d2d2f
  YYModel: 7a467eff45ae3641c33efb136c262d33b6f48c1a

COCOAPODS: 0.39.0
