// !$*UTF8*$!
{
	archiveVersion = 1;
	classes = {
	};
	objectVersion = 46;
	objects = {

/* Begin PBXBuildFile section */
		2C5F88CE3C16327E4426599E /* libPods.a in Frameworks */ = {isa = PBXBuildFile; fileRef = AB5F2D4D3BBD1BE7B9091F12 /* libPods.a */; };
		832A2BA71CD4564800CEBEA9 /* HomeViewController.m in Sources */ = {isa = PBXBuildFile; fileRef = 832A2BA61CD4564800CEBEA9 /* HomeViewController.m */; };
		832F57091CD786FD000F46AA /* Register.m in Sources */ = {isa = PBXBuildFile; fileRef = 832F57051CD786FD000F46AA /* Register.m */; };
		832F570A1CD786FD000F46AA /* UserService.m in Sources */ = {isa = PBXBuildFile; fileRef = 832F57071CD786FD000F46AA /* UserService.m */; };
		832F570D1CD7896B000F46AA /* TokenModel.m in Sources */ = {isa = PBXBuildFile; fileRef = 832F570C1CD7896B000F46AA /* TokenModel.m */; };
		8342707F1CEC9BDB00E6A029 /* AvatarTableViewCell.m in Sources */ = {isa = PBXBuildFile; fileRef = 8342707E1CEC9BDB00E6A029 /* AvatarTableViewCell.m */; };
		834270821CEC9C1A00E6A029 /* InfoTableViewCell.m in Sources */ = {isa = PBXBuildFile; fileRef = 834270811CEC9C1A00E6A029 /* InfoTableViewCell.m */; };
		834270851CEC9E4000E6A029 /* MeInfoViewController.m in Sources */ = {isa = PBXBuildFile; fileRef = 834270841CEC9E4000E6A029 /* MeInfoViewController.m */; };
		834270871CEC9E6A00E6A029 /* MeInfo.storyboard in Resources */ = {isa = PBXBuildFile; fileRef = 834270861CEC9E6A00E6A029 /* MeInfo.storyboard */; };
		8342708A1CECB2F800E6A029 /* AvatarSettingViewController.m in Sources */ = {isa = PBXBuildFile; fileRef = 834270891CECB2F800E6A029 /* AvatarSettingViewController.m */; };
		8342708E1CECB35B00E6A029 /* AvatarSetting.storyboard in Resources */ = {isa = PBXBuildFile; fileRef = 8342708D1CECB35B00E6A029 /* AvatarSetting.storyboard */; };
		834270901CECC7CE00E6A029 /* NickNameSetting.storyboard in Resources */ = {isa = PBXBuildFile; fileRef = 8342708F1CECC7CE00E6A029 /* NickNameSetting.storyboard */; };
		834270931CECC7EF00E6A029 /* NickNameSettingViewController.m in Sources */ = {isa = PBXBuildFile; fileRef = 834270921CECC7EF00E6A029 /* NickNameSettingViewController.m */; };
		834270951CECD2A800E6A029 /* QRCode.storyboard in Resources */ = {isa = PBXBuildFile; fileRef = 834270941CECD2A800E6A029 /* QRCode.storyboard */; };
		834270981CECDB5D00E6A029 /* QRCodeViewController.m in Sources */ = {isa = PBXBuildFile; fileRef = 834270971CECDB5D00E6A029 /* QRCodeViewController.m */; };
		8342709B1CECE1F000E6A029 /* SexSettingViewController.m in Sources */ = {isa = PBXBuildFile; fileRef = 8342709A1CECE1F000E6A029 /* SexSettingViewController.m */; };
		8342709E1CECE35900E6A029 /* SexTableViewCell.m in Sources */ = {isa = PBXBuildFile; fileRef = 8342709D1CECE35900E6A029 /* SexTableViewCell.m */; };
		834270A01CECE38F00E6A029 /* SexSetting.storyboard in Resources */ = {isa = PBXBuildFile; fileRef = 8342709F1CECE38F00E6A029 /* SexSetting.storyboard */; };
		834270A41CECEB6E00E6A029 /* AreaSetting.storyboard in Resources */ = {isa = PBXBuildFile; fileRef = 834270A31CECEB6E00E6A029 /* AreaSetting.storyboard */; };
		834270A71CECEC8C00E6A029 /* AreaSettingViewController.m in Sources */ = {isa = PBXBuildFile; fileRef = 834270A61CECEC8C00E6A029 /* AreaSettingViewController.m */; };
		834270AA1CECEEB600E6A029 /* SignatureSettingViewController.m in Sources */ = {isa = PBXBuildFile; fileRef = 834270A91CECEEB600E6A029 /* SignatureSettingViewController.m */; };
		834270AC1CECEF1500E6A029 /* SignatureSetting.storyboard in Resources */ = {isa = PBXBuildFile; fileRef = 834270AB1CECEF1500E6A029 /* SignatureSetting.storyboard */; };
		834FA6D61CE9817A00EFFA92 /* FriendVerifyViewController.m in Sources */ = {isa = PBXBuildFile; fileRef = 834FA6D51CE9817A00EFFA92 /* FriendVerifyViewController.m */; };
		8372A1481CD798730030385B /* NSString+SHA1.m in Sources */ = {isa = PBXBuildFile; fileRef = 8372A1471CD798730030385B /* NSString+SHA1.m */; };
		8385B6C21CD597D20005EFE6 /* ChatViewController.m in Sources */ = {isa = PBXBuildFile; fileRef = 8385B6C11CD597D20005EFE6 /* ChatViewController.m */; };
		8385B6C81CD5B1500005EFE6 /* Chat.storyboard in Resources */ = {isa = PBXBuildFile; fileRef = 8385B6C71CD5B1500005EFE6 /* Chat.storyboard */; };
		8385B6CA1CD5B17E0005EFE6 /* Home.storyboard in Resources */ = {isa = PBXBuildFile; fileRef = 8385B6C91CD5B17E0005EFE6 /* Home.storyboard */; };
		838FAD281CEC1C7B0041D13D /* NSString+FirstCharacter.m in Sources */ = {isa = PBXBuildFile; fileRef = 838FAD271CEC1C7B0041D13D /* NSString+FirstCharacter.m */; };
		838FAD2B1CEC22A60041D13D /* ContactGroupModel.m in Sources */ = {isa = PBXBuildFile; fileRef = 838FAD2A1CEC22A60041D13D /* ContactGroupModel.m */; };
		83A355521CA028E3001C99F2 /* LoginViewController.m in Sources */ = {isa = PBXBuildFile; fileRef = 83A355511CA028E3001C99F2 /* LoginViewController.m */; };
		83A355541CA02939001C99F2 /* PreLogin.storyboard in Resources */ = {isa = PBXBuildFile; fileRef = 83A355531CA02939001C99F2 /* PreLogin.storyboard */; };
		83A355571CA076EA001C99F2 /* PreLoginViewController.m in Sources */ = {isa = PBXBuildFile; fileRef = 83A355561CA076EA001C99F2 /* PreLoginViewController.m */; };
		83B787D01C9FD75400B60AF7 /* main.m in Sources */ = {isa = PBXBuildFile; fileRef = 83B787CF1C9FD75400B60AF7 /* main.m */; };
		83B787D31C9FD75400B60AF7 /* AppDelegate.m in Sources */ = {isa = PBXBuildFile; fileRef = 83B787D21C9FD75400B60AF7 /* AppDelegate.m */; };
		83B787DE1C9FD75400B60AF7 /* LaunchScreen.storyboard in Resources */ = {isa = PBXBuildFile; fileRef = 83B787DC1C9FD75400B60AF7 /* LaunchScreen.storyboard */; };
		83B787E91C9FD75400B60AF7 /* VChatTests.m in Sources */ = {isa = PBXBuildFile; fileRef = 83B787E81C9FD75400B60AF7 /* VChatTests.m */; };
		83B787F41C9FD75400B60AF7 /* VChatUITests.m in Sources */ = {isa = PBXBuildFile; fileRef = 83B787F31C9FD75400B60AF7 /* VChatUITests.m */; };
		83C24F271CE6406F000BF792 /* BlurView.m in Sources */ = {isa = PBXBuildFile; fileRef = 83C24F261CE6406F000BF792 /* BlurView.m */; };
		83C24F291CE6CC0E000BF792 /* FriendInfo.storyboard in Resources */ = {isa = PBXBuildFile; fileRef = 83C24F281CE6CC0E000BF792 /* FriendInfo.storyboard */; };
		83C24F2C1CE6CC3C000BF792 /* FriendInfoViewController.m in Sources */ = {isa = PBXBuildFile; fileRef = 83C24F2B1CE6CC3C000BF792 /* FriendInfoViewController.m */; };
		83C24F2F1CE7152D000BF792 /* FriendTableViewCell.m in Sources */ = {isa = PBXBuildFile; fileRef = 83C24F2E1CE7152D000BF792 /* FriendTableViewCell.m */; };
		83C24F351CE716AA000BF792 /* FriendInfoTableViewCell.m in Sources */ = {isa = PBXBuildFile; fileRef = 83C24F341CE716AA000BF792 /* FriendInfoTableViewCell.m */; };
		83C24F381CE720F8000BF792 /* FriendInfoModel.m in Sources */ = {isa = PBXBuildFile; fileRef = 83C24F371CE720F8000BF792 /* FriendInfoModel.m */; };
		83C24F3C1CE7894E000BF792 /* SystemMessage.storyboard in Resources */ = {isa = PBXBuildFile; fileRef = 83C24F3B1CE7894E000BF792 /* SystemMessage.storyboard */; };
		83C24F3F1CE78AB7000BF792 /* SystemMessageViewController.m in Sources */ = {isa = PBXBuildFile; fileRef = 83C24F3E1CE78AB7000BF792 /* SystemMessageViewController.m */; };
		83D0D6251CD385D900CB2B26 /* BaseViewController.m in Sources */ = {isa = PBXBuildFile; fileRef = 83D0D6241CD385D900CB2B26 /* BaseViewController.m */; };
		83D85F8B1CED5E8C00704539 /* QRCodeScan.storyboard in Resources */ = {isa = PBXBuildFile; fileRef = 83D85F8A1CED5E8C00704539 /* QRCodeScan.storyboard */; };
		83D85F8E1CED5ECE00704539 /* QRCodeScanViewController.m in Sources */ = {isa = PBXBuildFile; fileRef = 83D85F8D1CED5ECE00704539 /* QRCodeScanViewController.m */; };
		83E7F8771CD6306B00F94FCA /* RegisterViaPhoneViewController.m in Sources */ = {isa = PBXBuildFile; fileRef = 83E7F8761CD6306B00F94FCA /* RegisterViaPhoneViewController.m */; };
		83E7F87A1CD6309B00F94FCA /* VerifyViewController.m in Sources */ = {isa = PBXBuildFile; fileRef = 83E7F8791CD6309B00F94FCA /* VerifyViewController.m */; };
		83E7F87D1CD630F300F94FCA /* PersonalInfoViewController.m in Sources */ = {isa = PBXBuildFile; fileRef = 83E7F87C1CD630F300F94FCA /* PersonalInfoViewController.m */; };
		83E7F87F1CD6314400F94FCA /* Register.storyboard in Resources */ = {isa = PBXBuildFile; fileRef = 83E7F87E1CD6314400F94FCA /* Register.storyboard */; };
		83E9FB571CE9B293001CE958 /* FriendVerifyMessageTableViewCell.m in Sources */ = {isa = PBXBuildFile; fileRef = 83E9FB561CE9B293001CE958 /* FriendVerifyMessageTableViewCell.m */; };
		83EA57A21CD47E4700D00B0E /* ContactsViewController.m in Sources */ = {isa = PBXBuildFile; fileRef = 83EA57A11CD47E4700D00B0E /* ContactsViewController.m */; };
		83EA57A51CD47F1F00D00B0E /* ContactTableViewCell.m in Sources */ = {isa = PBXBuildFile; fileRef = 83EA57A41CD47F1F00D00B0E /* ContactTableViewCell.m */; };
		83EA57AB1CD47F5000D00B0E /* Contacts.xcassets in Resources */ = {isa = PBXBuildFile; fileRef = 83EA57A61CD47F5000D00B0E /* Contacts.xcassets */; };
		83EA57AC1CD47F5000D00B0E /* Discover.xcassets in Resources */ = {isa = PBXBuildFile; fileRef = 83EA57A71CD47F5000D00B0E /* Discover.xcassets */; };
		83EA57AD1CD47F5000D00B0E /* Home.xcassets in Resources */ = {isa = PBXBuildFile; fileRef = 83EA57A81CD47F5000D00B0E /* Home.xcassets */; };
		83EA57AE1CD47F5000D00B0E /* Images.xcassets in Resources */ = {isa = PBXBuildFile; fileRef = 83EA57A91CD47F5000D00B0E /* Images.xcassets */; };
		83EA57AF1CD47F5000D00B0E /* Me.xcassets in Resources */ = {isa = PBXBuildFile; fileRef = 83EA57AA1CD47F5000D00B0E /* Me.xcassets */; };
		83EA57B21CD4838C00D00B0E /* DiscoverTableViewCell.m in Sources */ = {isa = PBXBuildFile; fileRef = 83EA57B11CD4838C00D00B0E /* DiscoverTableViewCell.m */; };
		83EA57B51CD483B400D00B0E /* DiscoverViewController.m in Sources */ = {isa = PBXBuildFile; fileRef = 83EA57B41CD483B400D00B0E /* DiscoverViewController.m */; };
		83EA57B81CD4EE4700D00B0E /* MeInfoTableViewCell.m in Sources */ = {isa = PBXBuildFile; fileRef = 83EA57B71CD4EE4700D00B0E /* MeInfoTableViewCell.m */; };
		83EA57BB1CD4F47800D00B0E /* MeTableViewCell.m in Sources */ = {isa = PBXBuildFile; fileRef = 83EA57BA1CD4F47800D00B0E /* MeTableViewCell.m */; };
		83EA57C11CD4F61200D00B0E /* MeViewController.m in Sources */ = {isa = PBXBuildFile; fileRef = 83EA57C01CD4F61200D00B0E /* MeViewController.m */; };
		83F375321CED75F5006B5667 /* WebViewController.m in Sources */ = {isa = PBXBuildFile; fileRef = 83F375311CED75F5006B5667 /* WebViewController.m */; };
		83F375341CED7617006B5667 /* WebView.storyboard in Resources */ = {isa = PBXBuildFile; fileRef = 83F375331CED7617006B5667 /* WebView.storyboard */; };
		83F375361CEDB4FA006B5667 /* Setting.storyboard in Resources */ = {isa = PBXBuildFile; fileRef = 83F375351CEDB4FA006B5667 /* Setting.storyboard */; };
		83F375391CEDB74B006B5667 /* LogOutTableViewCell.m in Sources */ = {isa = PBXBuildFile; fileRef = 83F375381CEDB74B006B5667 /* LogOutTableViewCell.m */; };
		83F3753C1CEDB7AC006B5667 /* SettingViewController.m in Sources */ = {isa = PBXBuildFile; fileRef = 83F3753B1CEDB7AC006B5667 /* SettingViewController.m */; };
		83FA5F1E1CA1A51A008426FF /* BaseTextField.m in Sources */ = {isa = PBXBuildFile; fileRef = 83FA5F1D1CA1A51A008426FF /* BaseTextField.m */; };
		83FA5F271CA1B2B8008426FF /* MainTabBarController.m in Sources */ = {isa = PBXBuildFile; fileRef = 83FA5F261CA1B2B8008426FF /* MainTabBarController.m */; };
		83FA5F291CA1B460008426FF /* Login.storyboard in Resources */ = {isa = PBXBuildFile; fileRef = 83FA5F281CA1B460008426FF /* Login.storyboard */; };
		83FA5F2B1CA1B5C5008426FF /* Main.storyboard in Resources */ = {isa = PBXBuildFile; fileRef = 83FA5F2A1CA1B5C5008426FF /* Main.storyboard */; };
		83FA5F5E1CA25F5C008426FF /* Contacts.storyboard in Resources */ = {isa = PBXBuildFile; fileRef = 83FA5F5D1CA25F5C008426FF /* Contacts.storyboard */; };
		83FA5F601CA25F72008426FF /* Discover.storyboard in Resources */ = {isa = PBXBuildFile; fileRef = 83FA5F5F1CA25F72008426FF /* Discover.storyboard */; };
		83FA5F621CA25F90008426FF /* Me.storyboard in Resources */ = {isa = PBXBuildFile; fileRef = 83FA5F611CA25F90008426FF /* Me.storyboard */; };
/* End PBXBuildFile section */

/* Begin PBXContainerItemProxy section */
		83B787E51C9FD75400B60AF7 /* PBXContainerItemProxy */ = {
			isa = PBXContainerItemProxy;
			containerPortal = 83B787C31C9FD75400B60AF7 /* Project object */;
			proxyType = 1;
			remoteGlobalIDString = 83B787CA1C9FD75400B60AF7;
			remoteInfo = VChat;
		};
		83B787F01C9FD75400B60AF7 /* PBXContainerItemProxy */ = {
			isa = PBXContainerItemProxy;
			containerPortal = 83B787C31C9FD75400B60AF7 /* Project object */;
			proxyType = 1;
			remoteGlobalIDString = 83B787CA1C9FD75400B60AF7;
			remoteInfo = VChat;
		};
/* End PBXContainerItemProxy section */

/* Begin PBXFileReference section */
		832A2BA51CD4564800CEBEA9 /* HomeViewController.h */ = {isa = PBXFileReference; fileEncoding = 4; lastKnownFileType = sourcecode.c.h; name = HomeViewController.h; path = Chats/HomeViewController.h; sourceTree = "<group>"; };
		832A2BA61CD4564800CEBEA9 /* HomeViewController.m */ = {isa = PBXFileReference; fileEncoding = 4; lastKnownFileType = sourcecode.c.objc; name = HomeViewController.m; path = Chats/HomeViewController.m; sourceTree = "<group>"; };
		832F57041CD786FD000F46AA /* Register.h */ = {isa = PBXFileReference; fileEncoding = 4; lastKnownFileType = sourcecode.c.h; name = Register.h; path = VChat/Network/Register.h; sourceTree = "<group>"; };
		832F57051CD786FD000F46AA /* Register.m */ = {isa = PBXFileReference; fileEncoding = 4; lastKnownFileType = sourcecode.c.objc; name = Register.m; path = VChat/Network/Register.m; sourceTree = "<group>"; };
		832F57061CD786FD000F46AA /* UserService.h */ = {isa = PBXFileReference; fileEncoding = 4; lastKnownFileType = sourcecode.c.h; name = UserService.h; path = VChat/Network/UserService.h; sourceTree = "<group>"; };
		832F57071CD786FD000F46AA /* UserService.m */ = {isa = PBXFileReference; fileEncoding = 4; lastKnownFileType = sourcecode.c.objc; name = UserService.m; path = VChat/Network/UserService.m; sourceTree = "<group>"; };
		832F570B1CD7896B000F46AA /* TokenModel.h */ = {isa = PBXFileReference; fileEncoding = 4; lastKnownFileType = sourcecode.c.h; name = TokenModel.h; path = Login/TokenModel.h; sourceTree = "<group>"; };
		832F570C1CD7896B000F46AA /* TokenModel.m */ = {isa = PBXFileReference; fileEncoding = 4; lastKnownFileType = sourcecode.c.objc; name = TokenModel.m; path = Login/TokenModel.m; sourceTree = "<group>"; };
		8342707D1CEC9BDB00E6A029 /* AvatarTableViewCell.h */ = {isa = PBXFileReference; fileEncoding = 4; lastKnownFileType = sourcecode.c.h; name = AvatarTableViewCell.h; path = Me/AvatarTableViewCell.h; sourceTree = "<group>"; };
		8342707E1CEC9BDB00E6A029 /* AvatarTableViewCell.m */ = {isa = PBXFileReference; fileEncoding = 4; lastKnownFileType = sourcecode.c.objc; name = AvatarTableViewCell.m; path = Me/AvatarTableViewCell.m; sourceTree = "<group>"; };
		834270801CEC9C1A00E6A029 /* InfoTableViewCell.h */ = {isa = PBXFileReference; fileEncoding = 4; lastKnownFileType = sourcecode.c.h; name = InfoTableViewCell.h; path = Me/InfoTableViewCell.h; sourceTree = "<group>"; };
		834270811CEC9C1A00E6A029 /* InfoTableViewCell.m */ = {isa = PBXFileReference; fileEncoding = 4; lastKnownFileType = sourcecode.c.objc; name = InfoTableViewCell.m; path = Me/InfoTableViewCell.m; sourceTree = "<group>"; };
		834270831CEC9E4000E6A029 /* MeInfoViewController.h */ = {isa = PBXFileReference; fileEncoding = 4; lastKnownFileType = sourcecode.c.h; name = MeInfoViewController.h; path = Me/MeInfoViewController.h; sourceTree = "<group>"; };
		834270841CEC9E4000E6A029 /* MeInfoViewController.m */ = {isa = PBXFileReference; fileEncoding = 4; lastKnownFileType = sourcecode.c.objc; name = MeInfoViewController.m; path = Me/MeInfoViewController.m; sourceTree = "<group>"; };
		834270861CEC9E6A00E6A029 /* MeInfo.storyboard */ = {isa = PBXFileReference; fileEncoding = 4; lastKnownFileType = file.storyboard; name = MeInfo.storyboard; path = Me/MeInfo.storyboard; sourceTree = "<group>"; };
		834270881CECB2F800E6A029 /* AvatarSettingViewController.h */ = {isa = PBXFileReference; fileEncoding = 4; lastKnownFileType = sourcecode.c.h; name = AvatarSettingViewController.h; path = Me/AvatarSettingViewController.h; sourceTree = "<group>"; };
		834270891CECB2F800E6A029 /* AvatarSettingViewController.m */ = {isa = PBXFileReference; fileEncoding = 4; lastKnownFileType = sourcecode.c.objc; name = AvatarSettingViewController.m; path = Me/AvatarSettingViewController.m; sourceTree = "<group>"; };
		8342708D1CECB35B00E6A029 /* AvatarSetting.storyboard */ = {isa = PBXFileReference; fileEncoding = 4; lastKnownFileType = file.storyboard; name = AvatarSetting.storyboard; path = Me/AvatarSetting.storyboard; sourceTree = "<group>"; };
		8342708F1CECC7CE00E6A029 /* NickNameSetting.storyboard */ = {isa = PBXFileReference; fileEncoding = 4; lastKnownFileType = file.storyboard; name = NickNameSetting.storyboard; path = Me/NickNameSetting.storyboard; sourceTree = "<group>"; };
		834270911CECC7EF00E6A029 /* NickNameSettingViewController.h */ = {isa = PBXFileReference; fileEncoding = 4; lastKnownFileType = sourcecode.c.h; name = NickNameSettingViewController.h; path = Me/NickNameSettingViewController.h; sourceTree = "<group>"; };
		834270921CECC7EF00E6A029 /* NickNameSettingViewController.m */ = {isa = PBXFileReference; fileEncoding = 4; lastKnownFileType = sourcecode.c.objc; name = NickNameSettingViewController.m; path = Me/NickNameSettingViewController.m; sourceTree = "<group>"; };
		834270941CECD2A800E6A029 /* QRCode.storyboard */ = {isa = PBXFileReference; fileEncoding = 4; lastKnownFileType = file.storyboard; name = QRCode.storyboard; path = Me/QRCode.storyboard; sourceTree = "<group>"; };
		834270961CECDB5D00E6A029 /* QRCodeViewController.h */ = {isa = PBXFileReference; fileEncoding = 4; lastKnownFileType = sourcecode.c.h; name = QRCodeViewController.h; path = Me/QRCodeViewController.h; sourceTree = "<group>"; };
		834270971CECDB5D00E6A029 /* QRCodeViewController.m */ = {isa = PBXFileReference; fileEncoding = 4; lastKnownFileType = sourcecode.c.objc; name = QRCodeViewController.m; path = Me/QRCodeViewController.m; sourceTree = "<group>"; };
		834270991CECE1F000E6A029 /* SexSettingViewController.h */ = {isa = PBXFileReference; fileEncoding = 4; lastKnownFileType = sourcecode.c.h; name = SexSettingViewController.h; path = Me/SexSettingViewController.h; sourceTree = "<group>"; };
		8342709A1CECE1F000E6A029 /* SexSettingViewController.m */ = {isa = PBXFileReference; fileEncoding = 4; lastKnownFileType = sourcecode.c.objc; name = SexSettingViewController.m; path = Me/SexSettingViewController.m; sourceTree = "<group>"; };
		8342709C1CECE35900E6A029 /* SexTableViewCell.h */ = {isa = PBXFileReference; fileEncoding = 4; lastKnownFileType = sourcecode.c.h; name = SexTableViewCell.h; path = Me/SexTableViewCell.h; sourceTree = "<group>"; };
		8342709D1CECE35900E6A029 /* SexTableViewCell.m */ = {isa = PBXFileReference; fileEncoding = 4; lastKnownFileType = sourcecode.c.objc; name = SexTableViewCell.m; path = Me/SexTableViewCell.m; sourceTree = "<group>"; };
		8342709F1CECE38F00E6A029 /* SexSetting.storyboard */ = {isa = PBXFileReference; fileEncoding = 4; lastKnownFileType = file.storyboard; name = SexSetting.storyboard; path = Me/SexSetting.storyboard; sourceTree = "<group>"; };
		834270A31CECEB6E00E6A029 /* AreaSetting.storyboard */ = {isa = PBXFileReference; fileEncoding = 4; lastKnownFileType = file.storyboard; name = AreaSetting.storyboard; path = Me/AreaSetting.storyboard; sourceTree = "<group>"; };
		834270A51CECEC8C00E6A029 /* AreaSettingViewController.h */ = {isa = PBXFileReference; fileEncoding = 4; lastKnownFileType = sourcecode.c.h; name = AreaSettingViewController.h; path = Me/AreaSettingViewController.h; sourceTree = "<group>"; };
		834270A61CECEC8C00E6A029 /* AreaSettingViewController.m */ = {isa = PBXFileReference; fileEncoding = 4; lastKnownFileType = sourcecode.c.objc; name = AreaSettingViewController.m; path = Me/AreaSettingViewController.m; sourceTree = "<group>"; };
		834270A81CECEEB600E6A029 /* SignatureSettingViewController.h */ = {isa = PBXFileReference; fileEncoding = 4; lastKnownFileType = sourcecode.c.h; name = SignatureSettingViewController.h; path = Me/SignatureSettingViewController.h; sourceTree = "<group>"; };
		834270A91CECEEB600E6A029 /* SignatureSettingViewController.m */ = {isa = PBXFileReference; fileEncoding = 4; lastKnownFileType = sourcecode.c.objc; name = SignatureSettingViewController.m; path = Me/SignatureSettingViewController.m; sourceTree = "<group>"; };
		834270AB1CECEF1500E6A029 /* SignatureSetting.storyboard */ = {isa = PBXFileReference; fileEncoding = 4; lastKnownFileType = file.storyboard; name = SignatureSetting.storyboard; path = Me/SignatureSetting.storyboard; sourceTree = "<group>"; };
		834FA6D41CE9817A00EFFA92 /* FriendVerifyViewController.h */ = {isa = PBXFileReference; fileEncoding = 4; lastKnownFileType = sourcecode.c.h; name = FriendVerifyViewController.h; path = Contacts/FriendVerifyViewController.h; sourceTree = "<group>"; };
		834FA6D51CE9817A00EFFA92 /* FriendVerifyViewController.m */ = {isa = PBXFileReference; fileEncoding = 4; lastKnownFileType = sourcecode.c.objc; name = FriendVerifyViewController.m; path = Contacts/FriendVerifyViewController.m; sourceTree = "<group>"; };
		8372A1461CD798730030385B /* NSString+SHA1.h */ = {isa = PBXFileReference; fileEncoding = 4; lastKnownFileType = sourcecode.c.h; name = "NSString+SHA1.h"; path = "Common/NSString+SHA1.h"; sourceTree = "<group>"; };
		8372A1471CD798730030385B /* NSString+SHA1.m */ = {isa = PBXFileReference; fileEncoding = 4; lastKnownFileType = sourcecode.c.objc; name = "NSString+SHA1.m"; path = "Common/NSString+SHA1.m"; sourceTree = "<group>"; };
		8385B6C01CD597D20005EFE6 /* ChatViewController.h */ = {isa = PBXFileReference; fileEncoding = 4; lastKnownFileType = sourcecode.c.h; name = ChatViewController.h; path = Chats/ChatViewController.h; sourceTree = "<group>"; };
		8385B6C11CD597D20005EFE6 /* ChatViewController.m */ = {isa = PBXFileReference; fileEncoding = 4; lastKnownFileType = sourcecode.c.objc; name = ChatViewController.m; path = Chats/ChatViewController.m; sourceTree = "<group>"; };
		8385B6C71CD5B1500005EFE6 /* Chat.storyboard */ = {isa = PBXFileReference; fileEncoding = 4; lastKnownFileType = file.storyboard; name = Chat.storyboard; path = Chats/Chat.storyboard; sourceTree = "<group>"; };
		8385B6C91CD5B17E0005EFE6 /* Home.storyboard */ = {isa = PBXFileReference; fileEncoding = 4; lastKnownFileType = file.storyboard; name = Home.storyboard; path = Chats/Home.storyboard; sourceTree = "<group>"; };
		838FAD261CEC1C7B0041D13D /* NSString+FirstCharacter.h */ = {isa = PBXFileReference; fileEncoding = 4; lastKnownFileType = sourcecode.c.h; name = "NSString+FirstCharacter.h"; path = "Common/NSString+FirstCharacter.h"; sourceTree = "<group>"; };
		838FAD271CEC1C7B0041D13D /* NSString+FirstCharacter.m */ = {isa = PBXFileReference; fileEncoding = 4; lastKnownFileType = sourcecode.c.objc; name = "NSString+FirstCharacter.m"; path = "Common/NSString+FirstCharacter.m"; sourceTree = "<group>"; };
		838FAD291CEC22A60041D13D /* ContactGroupModel.h */ = {isa = PBXFileReference; fileEncoding = 4; lastKnownFileType = sourcecode.c.h; name = ContactGroupModel.h; path = Contacts/ContactGroupModel.h; sourceTree = "<group>"; };
		838FAD2A1CEC22A60041D13D /* ContactGroupModel.m */ = {isa = PBXFileReference; fileEncoding = 4; lastKnownFileType = sourcecode.c.objc; name = ContactGroupModel.m; path = Contacts/ContactGroupModel.m; sourceTree = "<group>"; };
		83A3554F1CA02536001C99F2 /* VChatPrefixHeader.pch */ = {isa = PBXFileReference; lastKnownFileType = sourcecode.c.h; path = VChatPrefixHeader.pch; sourceTree = "<group>"; };
		83A355501CA028E3001C99F2 /* LoginViewController.h */ = {isa = PBXFileReference; fileEncoding = 4; lastKnownFileType = sourcecode.c.h; name = LoginViewController.h; path = Login/LoginViewController.h; sourceTree = "<group>"; };
		83A355511CA028E3001C99F2 /* LoginViewController.m */ = {isa = PBXFileReference; fileEncoding = 4; lastKnownFileType = sourcecode.c.objc; name = LoginViewController.m; path = Login/LoginViewController.m; sourceTree = "<group>"; };
		83A355531CA02939001C99F2 /* PreLogin.storyboard */ = {isa = PBXFileReference; fileEncoding = 4; lastKnownFileType = file.storyboard; name = PreLogin.storyboard; path = Login/PreLogin.storyboard; sourceTree = "<group>"; };
		83A355551CA076EA001C99F2 /* PreLoginViewController.h */ = {isa = PBXFileReference; fileEncoding = 4; lastKnownFileType = sourcecode.c.h; name = PreLoginViewController.h; path = Login/PreLoginViewController.h; sourceTree = "<group>"; };
		83A355561CA076EA001C99F2 /* PreLoginViewController.m */ = {isa = PBXFileReference; fileEncoding = 4; lastKnownFileType = sourcecode.c.objc; name = PreLoginViewController.m; path = Login/PreLoginViewController.m; sourceTree = "<group>"; };
		83B787CB1C9FD75400B60AF7 /* VChat.app */ = {isa = PBXFileReference; explicitFileType = wrapper.application; includeInIndex = 0; path = VChat.app; sourceTree = BUILT_PRODUCTS_DIR; };
		83B787CF1C9FD75400B60AF7 /* main.m */ = {isa = PBXFileReference; lastKnownFileType = sourcecode.c.objc; path = main.m; sourceTree = "<group>"; };
		83B787D11C9FD75400B60AF7 /* AppDelegate.h */ = {isa = PBXFileReference; lastKnownFileType = sourcecode.c.h; path = AppDelegate.h; sourceTree = "<group>"; };
		83B787D21C9FD75400B60AF7 /* AppDelegate.m */ = {isa = PBXFileReference; lastKnownFileType = sourcecode.c.objc; path = AppDelegate.m; sourceTree = "<group>"; };
		83B787DD1C9FD75400B60AF7 /* Base */ = {isa = PBXFileReference; lastKnownFileType = file.storyboard; name = Base; path = Base.lproj/LaunchScreen.storyboard; sourceTree = "<group>"; };
		83B787DF1C9FD75400B60AF7 /* Info.plist */ = {isa = PBXFileReference; lastKnownFileType = text.plist.xml; path = Info.plist; sourceTree = "<group>"; };
		83B787E41C9FD75400B60AF7 /* VChatTests.xctest */ = {isa = PBXFileReference; explicitFileType = wrapper.cfbundle; includeInIndex = 0; path = VChatTests.xctest; sourceTree = BUILT_PRODUCTS_DIR; };
		83B787E81C9FD75400B60AF7 /* VChatTests.m */ = {isa = PBXFileReference; lastKnownFileType = sourcecode.c.objc; path = VChatTests.m; sourceTree = "<group>"; };
		83B787EA1C9FD75400B60AF7 /* Info.plist */ = {isa = PBXFileReference; lastKnownFileType = text.plist.xml; path = Info.plist; sourceTree = "<group>"; };
		83B787EF1C9FD75400B60AF7 /* VChatUITests.xctest */ = {isa = PBXFileReference; explicitFileType = wrapper.cfbundle; includeInIndex = 0; path = VChatUITests.xctest; sourceTree = BUILT_PRODUCTS_DIR; };
		83B787F31C9FD75400B60AF7 /* VChatUITests.m */ = {isa = PBXFileReference; lastKnownFileType = sourcecode.c.objc; path = VChatUITests.m; sourceTree = "<group>"; };
		83B787F51C9FD75400B60AF7 /* Info.plist */ = {isa = PBXFileReference; lastKnownFileType = text.plist.xml; path = Info.plist; sourceTree = "<group>"; };
		83C24F251CE6406F000BF792 /* BlurView.h */ = {isa = PBXFileReference; fileEncoding = 4; lastKnownFileType = sourcecode.c.h; name = BlurView.h; path = Common/BlurView.h; sourceTree = "<group>"; };
		83C24F261CE6406F000BF792 /* BlurView.m */ = {isa = PBXFileReference; fileEncoding = 4; lastKnownFileType = sourcecode.c.objc; name = BlurView.m; path = Common/BlurView.m; sourceTree = "<group>"; };
		83C24F281CE6CC0E000BF792 /* FriendInfo.storyboard */ = {isa = PBXFileReference; fileEncoding = 4; lastKnownFileType = file.storyboard; name = FriendInfo.storyboard; path = Contacts/FriendInfo.storyboard; sourceTree = "<group>"; };
		83C24F2A1CE6CC3C000BF792 /* FriendInfoViewController.h */ = {isa = PBXFileReference; fileEncoding = 4; lastKnownFileType = sourcecode.c.h; name = FriendInfoViewController.h; path = Contacts/FriendInfoViewController.h; sourceTree = "<group>"; };
		83C24F2B1CE6CC3C000BF792 /* FriendInfoViewController.m */ = {isa = PBXFileReference; fileEncoding = 4; lastKnownFileType = sourcecode.c.objc; name = FriendInfoViewController.m; path = Contacts/FriendInfoViewController.m; sourceTree = "<group>"; };
		83C24F2D1CE7152D000BF792 /* FriendTableViewCell.h */ = {isa = PBXFileReference; fileEncoding = 4; lastKnownFileType = sourcecode.c.h; name = FriendTableViewCell.h; path = Contacts/FriendTableViewCell.h; sourceTree = "<group>"; };
		83C24F2E1CE7152D000BF792 /* FriendTableViewCell.m */ = {isa = PBXFileReference; fileEncoding = 4; lastKnownFileType = sourcecode.c.objc; name = FriendTableViewCell.m; path = Contacts/FriendTableViewCell.m; sourceTree = "<group>"; };
		83C24F331CE716AA000BF792 /* FriendInfoTableViewCell.h */ = {isa = PBXFileReference; fileEncoding = 4; lastKnownFileType = sourcecode.c.h; name = FriendInfoTableViewCell.h; path = Contacts/FriendInfoTableViewCell.h; sourceTree = "<group>"; };
		83C24F341CE716AA000BF792 /* FriendInfoTableViewCell.m */ = {isa = PBXFileReference; fileEncoding = 4; lastKnownFileType = sourcecode.c.objc; name = FriendInfoTableViewCell.m; path = Contacts/FriendInfoTableViewCell.m; sourceTree = "<group>"; };
		83C24F361CE720F8000BF792 /* FriendInfoModel.h */ = {isa = PBXFileReference; fileEncoding = 4; lastKnownFileType = sourcecode.c.h; name = FriendInfoModel.h; path = Contacts/FriendInfoModel.h; sourceTree = "<group>"; };
		83C24F371CE720F8000BF792 /* FriendInfoModel.m */ = {isa = PBXFileReference; fileEncoding = 4; lastKnownFileType = sourcecode.c.objc; name = FriendInfoModel.m; path = Contacts/FriendInfoModel.m; sourceTree = "<group>"; };
		83C24F3B1CE7894E000BF792 /* SystemMessage.storyboard */ = {isa = PBXFileReference; fileEncoding = 4; lastKnownFileType = file.storyboard; name = SystemMessage.storyboard; path = Chats/SystemMessage.storyboard; sourceTree = "<group>"; };
		83C24F3D1CE78AB7000BF792 /* SystemMessageViewController.h */ = {isa = PBXFileReference; fileEncoding = 4; lastKnownFileType = sourcecode.c.h; name = SystemMessageViewController.h; path = Chats/SystemMessageViewController.h; sourceTree = "<group>"; };
		83C24F3E1CE78AB7000BF792 /* SystemMessageViewController.m */ = {isa = PBXFileReference; fileEncoding = 4; lastKnownFileType = sourcecode.c.objc; name = SystemMessageViewController.m; path = Chats/SystemMessageViewController.m; sourceTree = "<group>"; };
		83D0D6231CD385D900CB2B26 /* BaseViewController.h */ = {isa = PBXFileReference; fileEncoding = 4; lastKnownFileType = sourcecode.c.h; name = BaseViewController.h; path = Common/BaseViewController.h; sourceTree = "<group>"; };
		83D0D6241CD385D900CB2B26 /* BaseViewController.m */ = {isa = PBXFileReference; fileEncoding = 4; lastKnownFileType = sourcecode.c.objc; name = BaseViewController.m; path = Common/BaseViewController.m; sourceTree = "<group>"; };
		83D85F8A1CED5E8C00704539 /* QRCodeScan.storyboard */ = {isa = PBXFileReference; fileEncoding = 4; lastKnownFileType = file.storyboard; name = QRCodeScan.storyboard; path = Discover/QRCodeScan.storyboard; sourceTree = "<group>"; };
		83D85F8C1CED5ECE00704539 /* QRCodeScanViewController.h */ = {isa = PBXFileReference; fileEncoding = 4; lastKnownFileType = sourcecode.c.h; name = QRCodeScanViewController.h; path = Discover/QRCodeScanViewController.h; sourceTree = "<group>"; };
		83D85F8D1CED5ECE00704539 /* QRCodeScanViewController.m */ = {isa = PBXFileReference; fileEncoding = 4; lastKnownFileType = sourcecode.c.objc; name = QRCodeScanViewController.m; path = Discover/QRCodeScanViewController.m; sourceTree = "<group>"; };
		83E7F8751CD6306B00F94FCA /* RegisterViaPhoneViewController.h */ = {isa = PBXFileReference; fileEncoding = 4; lastKnownFileType = sourcecode.c.h; name = RegisterViaPhoneViewController.h; path = Register/RegisterViaPhoneViewController.h; sourceTree = "<group>"; };
		83E7F8761CD6306B00F94FCA /* RegisterViaPhoneViewController.m */ = {isa = PBXFileReference; fileEncoding = 4; lastKnownFileType = sourcecode.c.objc; name = RegisterViaPhoneViewController.m; path = Register/RegisterViaPhoneViewController.m; sourceTree = "<group>"; };
		83E7F8781CD6309B00F94FCA /* VerifyViewController.h */ = {isa = PBXFileReference; fileEncoding = 4; lastKnownFileType = sourcecode.c.h; name = VerifyViewController.h; path = Register/VerifyViewController.h; sourceTree = "<group>"; };
		83E7F8791CD6309B00F94FCA /* VerifyViewController.m */ = {isa = PBXFileReference; fileEncoding = 4; lastKnownFileType = sourcecode.c.objc; name = VerifyViewController.m; path = Register/VerifyViewController.m; sourceTree = "<group>"; };
		83E7F87B1CD630F300F94FCA /* PersonalInfoViewController.h */ = {isa = PBXFileReference; fileEncoding = 4; lastKnownFileType = sourcecode.c.h; name = PersonalInfoViewController.h; path = Register/PersonalInfoViewController.h; sourceTree = "<group>"; };
		83E7F87C1CD630F300F94FCA /* PersonalInfoViewController.m */ = {isa = PBXFileReference; fileEncoding = 4; lastKnownFileType = sourcecode.c.objc; name = PersonalInfoViewController.m; path = Register/PersonalInfoViewController.m; sourceTree = "<group>"; };
		83E7F87E1CD6314400F94FCA /* Register.storyboard */ = {isa = PBXFileReference; fileEncoding = 4; lastKnownFileType = file.storyboard; name = Register.storyboard; path = Register/Register.storyboard; sourceTree = "<group>"; };
		83E9FB551CE9B293001CE958 /* FriendVerifyMessageTableViewCell.h */ = {isa = PBXFileReference; fileEncoding = 4; lastKnownFileType = sourcecode.c.h; name = FriendVerifyMessageTableViewCell.h; path = Contacts/FriendVerifyMessageTableViewCell.h; sourceTree = "<group>"; };
		83E9FB561CE9B293001CE958 /* FriendVerifyMessageTableViewCell.m */ = {isa = PBXFileReference; fileEncoding = 4; lastKnownFileType = sourcecode.c.objc; name = FriendVerifyMessageTableViewCell.m; path = Contacts/FriendVerifyMessageTableViewCell.m; sourceTree = "<group>"; };
		83EA57A01CD47E4700D00B0E /* ContactsViewController.h */ = {isa = PBXFileReference; fileEncoding = 4; lastKnownFileType = sourcecode.c.h; name = ContactsViewController.h; path = Contacts/ContactsViewController.h; sourceTree = "<group>"; };
		83EA57A11CD47E4700D00B0E /* ContactsViewController.m */ = {isa = PBXFileReference; fileEncoding = 4; lastKnownFileType = sourcecode.c.objc; name = ContactsViewController.m; path = Contacts/ContactsViewController.m; sourceTree = "<group>"; };
		83EA57A31CD47F1F00D00B0E /* ContactTableViewCell.h */ = {isa = PBXFileReference; fileEncoding = 4; lastKnownFileType = sourcecode.c.h; name = ContactTableViewCell.h; path = Contacts/ContactTableViewCell.h; sourceTree = "<group>"; };
		83EA57A41CD47F1F00D00B0E /* ContactTableViewCell.m */ = {isa = PBXFileReference; fileEncoding = 4; lastKnownFileType = sourcecode.c.objc; name = ContactTableViewCell.m; path = Contacts/ContactTableViewCell.m; sourceTree = "<group>"; };
		83EA57A61CD47F5000D00B0E /* Contacts.xcassets */ = {isa = PBXFileReference; lastKnownFileType = folder.assetcatalog; name = Contacts.xcassets; path = Sources/Contacts.xcassets; sourceTree = "<group>"; };
		83EA57A71CD47F5000D00B0E /* Discover.xcassets */ = {isa = PBXFileReference; lastKnownFileType = folder.assetcatalog; name = Discover.xcassets; path = Sources/Discover.xcassets; sourceTree = "<group>"; };
		83EA57A81CD47F5000D00B0E /* Home.xcassets */ = {isa = PBXFileReference; lastKnownFileType = folder.assetcatalog; name = Home.xcassets; path = Sources/Home.xcassets; sourceTree = "<group>"; };
		83EA57A91CD47F5000D00B0E /* Images.xcassets */ = {isa = PBXFileReference; lastKnownFileType = folder.assetcatalog; name = Images.xcassets; path = Sources/Images.xcassets; sourceTree = "<group>"; };
		83EA57AA1CD47F5000D00B0E /* Me.xcassets */ = {isa = PBXFileReference; lastKnownFileType = folder.assetcatalog; name = Me.xcassets; path = Sources/Me.xcassets; sourceTree = "<group>"; };
		83EA57B01CD4838C00D00B0E /* DiscoverTableViewCell.h */ = {isa = PBXFileReference; fileEncoding = 4; lastKnownFileType = sourcecode.c.h; name = DiscoverTableViewCell.h; path = Discover/DiscoverTableViewCell.h; sourceTree = "<group>"; };
		83EA57B11CD4838C00D00B0E /* DiscoverTableViewCell.m */ = {isa = PBXFileReference; fileEncoding = 4; lastKnownFileType = sourcecode.c.objc; name = DiscoverTableViewCell.m; path = Discover/DiscoverTableViewCell.m; sourceTree = "<group>"; };
		83EA57B31CD483B400D00B0E /* DiscoverViewController.h */ = {isa = PBXFileReference; fileEncoding = 4; lastKnownFileType = sourcecode.c.h; name = DiscoverViewController.h; path = Discover/DiscoverViewController.h; sourceTree = "<group>"; };
		83EA57B41CD483B400D00B0E /* DiscoverViewController.m */ = {isa = PBXFileReference; fileEncoding = 4; lastKnownFileType = sourcecode.c.objc; name = DiscoverViewController.m; path = Discover/DiscoverViewController.m; sourceTree = "<group>"; };
		83EA57B61CD4EE4700D00B0E /* MeInfoTableViewCell.h */ = {isa = PBXFileReference; fileEncoding = 4; lastKnownFileType = sourcecode.c.h; name = MeInfoTableViewCell.h; path = Me/MeInfoTableViewCell.h; sourceTree = "<group>"; };
		83EA57B71CD4EE4700D00B0E /* MeInfoTableViewCell.m */ = {isa = PBXFileReference; fileEncoding = 4; lastKnownFileType = sourcecode.c.objc; name = MeInfoTableViewCell.m; path = Me/MeInfoTableViewCell.m; sourceTree = "<group>"; };
		83EA57B91CD4F47800D00B0E /* MeTableViewCell.h */ = {isa = PBXFileReference; fileEncoding = 4; lastKnownFileType = sourcecode.c.h; name = MeTableViewCell.h; path = Me/MeTableViewCell.h; sourceTree = "<group>"; };
		83EA57BA1CD4F47800D00B0E /* MeTableViewCell.m */ = {isa = PBXFileReference; fileEncoding = 4; lastKnownFileType = sourcecode.c.objc; name = MeTableViewCell.m; path = Me/MeTableViewCell.m; sourceTree = "<group>"; };
		83EA57BF1CD4F61200D00B0E /* MeViewController.h */ = {isa = PBXFileReference; fileEncoding = 4; lastKnownFileType = sourcecode.c.h; name = MeViewController.h; path = Me/MeViewController.h; sourceTree = "<group>"; };
		83EA57C01CD4F61200D00B0E /* MeViewController.m */ = {isa = PBXFileReference; fileEncoding = 4; lastKnownFileType = sourcecode.c.objc; name = MeViewController.m; path = Me/MeViewController.m; sourceTree = "<group>"; };
		83F375301CED75F5006B5667 /* WebViewController.h */ = {isa = PBXFileReference; fileEncoding = 4; lastKnownFileType = sourcecode.c.h; name = WebViewController.h; path = Discover/WebViewController.h; sourceTree = "<group>"; };
		83F375311CED75F5006B5667 /* WebViewController.m */ = {isa = PBXFileReference; fileEncoding = 4; lastKnownFileType = sourcecode.c.objc; name = WebViewController.m; path = Discover/WebViewController.m; sourceTree = "<group>"; };
		83F375331CED7617006B5667 /* WebView.storyboard */ = {isa = PBXFileReference; fileEncoding = 4; lastKnownFileType = file.storyboard; name = WebView.storyboard; path = Discover/WebView.storyboard; sourceTree = "<group>"; };
		83F375351CEDB4FA006B5667 /* Setting.storyboard */ = {isa = PBXFileReference; fileEncoding = 4; lastKnownFileType = file.storyboard; name = Setting.storyboard; path = Me/Setting.storyboard; sourceTree = "<group>"; };
		83F375371CEDB74B006B5667 /* LogOutTableViewCell.h */ = {isa = PBXFileReference; fileEncoding = 4; lastKnownFileType = sourcecode.c.h; name = LogOutTableViewCell.h; path = Me/LogOutTableViewCell.h; sourceTree = "<group>"; };
		83F375381CEDB74B006B5667 /* LogOutTableViewCell.m */ = {isa = PBXFileReference; fileEncoding = 4; lastKnownFileType = sourcecode.c.objc; name = LogOutTableViewCell.m; path = Me/LogOutTableViewCell.m; sourceTree = "<group>"; };
		83F3753A1CEDB7AC006B5667 /* SettingViewController.h */ = {isa = PBXFileReference; fileEncoding = 4; lastKnownFileType = sourcecode.c.h; name = SettingViewController.h; path = Me/SettingViewController.h; sourceTree = "<group>"; };
		83F3753B1CEDB7AC006B5667 /* SettingViewController.m */ = {isa = PBXFileReference; fileEncoding = 4; lastKnownFileType = sourcecode.c.objc; name = SettingViewController.m; path = Me/SettingViewController.m; sourceTree = "<group>"; };
		83FA5F1C1CA1A51A008426FF /* BaseTextField.h */ = {isa = PBXFileReference; fileEncoding = 4; lastKnownFileType = sourcecode.c.h; name = BaseTextField.h; path = Login/BaseTextField.h; sourceTree = "<group>"; };
		83FA5F1D1CA1A51A008426FF /* BaseTextField.m */ = {isa = PBXFileReference; fileEncoding = 4; lastKnownFileType = sourcecode.c.objc; name = BaseTextField.m; path = Login/BaseTextField.m; sourceTree = "<group>"; };
		83FA5F251CA1B2B8008426FF /* MainTabBarController.h */ = {isa = PBXFileReference; fileEncoding = 4; lastKnownFileType = sourcecode.c.h; name = MainTabBarController.h; path = Main/MainTabBarController.h; sourceTree = "<group>"; };
		83FA5F261CA1B2B8008426FF /* MainTabBarController.m */ = {isa = PBXFileReference; fileEncoding = 4; lastKnownFileType = sourcecode.c.objc; name = MainTabBarController.m; path = Main/MainTabBarController.m; sourceTree = "<group>"; };
		83FA5F281CA1B460008426FF /* Login.storyboard */ = {isa = PBXFileReference; fileEncoding = 4; lastKnownFileType = file.storyboard; name = Login.storyboard; path = Login/Login.storyboard; sourceTree = "<group>"; };
		83FA5F2A1CA1B5C5008426FF /* Main.storyboard */ = {isa = PBXFileReference; fileEncoding = 4; lastKnownFileType = file.storyboard; name = Main.storyboard; path = Main/Main.storyboard; sourceTree = "<group>"; };
		83FA5F5D1CA25F5C008426FF /* Contacts.storyboard */ = {isa = PBXFileReference; fileEncoding = 4; lastKnownFileType = file.storyboard; name = Contacts.storyboard; path = Contacts/Contacts.storyboard; sourceTree = "<group>"; };
		83FA5F5F1CA25F72008426FF /* Discover.storyboard */ = {isa = PBXFileReference; fileEncoding = 4; lastKnownFileType = file.storyboard; name = Discover.storyboard; path = Discover/Discover.storyboard; sourceTree = "<group>"; };
		83FA5F611CA25F90008426FF /* Me.storyboard */ = {isa = PBXFileReference; fileEncoding = 4; lastKnownFileType = file.storyboard; name = Me.storyboard; path = Me/Me.storyboard; sourceTree = "<group>"; };
		AB5F2D4D3BBD1BE7B9091F12 /* libPods.a */ = {isa = PBXFileReference; explicitFileType = archive.ar; includeInIndex = 0; path = libPods.a; sourceTree = BUILT_PRODUCTS_DIR; };
		C78E9EBB7BC5514BE76A0642 /* Pods.debug.xcconfig */ = {isa = PBXFileReference; includeInIndex = 1; lastKnownFileType = text.xcconfig; name = Pods.debug.xcconfig; path = "Pods/Target Support Files/Pods/Pods.debug.xcconfig"; sourceTree = "<group>"; };
		F564BFDC702DFB2FDCF0A05F /* Pods.release.xcconfig */ = {isa = PBXFileReference; includeInIndex = 1; lastKnownFileType = text.xcconfig; name = Pods.release.xcconfig; path = "Pods/Target Support Files/Pods/Pods.release.xcconfig"; sourceTree = "<group>"; };
/* End PBXFileReference section */

/* Begin PBXFrameworksBuildPhase section */
		83B787C81C9FD75400B60AF7 /* Frameworks */ = {
			isa = PBXFrameworksBuildPhase;
			buildActionMask = 2147483647;
			files = (
				2C5F88CE3C16327E4426599E /* libPods.a in Frameworks */,
			);
			runOnlyForDeploymentPostprocessing = 0;
		};
		83B787E11C9FD75400B60AF7 /* Frameworks */ = {
			isa = PBXFrameworksBuildPhase;
			buildActionMask = 2147483647;
			files = (
			);
			runOnlyForDeploymentPostprocessing = 0;
		};
		83B787EC1C9FD75400B60AF7 /* Frameworks */ = {
			isa = PBXFrameworksBuildPhase;
			buildActionMask = 2147483647;
			files = (
			);
			runOnlyForDeploymentPostprocessing = 0;
		};
/* End PBXFrameworksBuildPhase section */

/* Begin PBXGroup section */
		73633FA5A81EB9646108FF06 /* Frameworks */ = {
			isa = PBXGroup;
			children = (
				AB5F2D4D3BBD1BE7B9091F12 /* libPods.a */,
			);
			name = Frameworks;
			sourceTree = "<group>";
		};
		8355E5FB1CD475D500FC7A51 /* Sources */ = {
			isa = PBXGroup;
			children = (
				83EA57A61CD47F5000D00B0E /* Contacts.xcassets */,
				83EA57A71CD47F5000D00B0E /* Discover.xcassets */,
				83EA57A81CD47F5000D00B0E /* Home.xcassets */,
				83EA57A91CD47F5000D00B0E /* Images.xcassets */,
				83EA57AA1CD47F5000D00B0E /* Me.xcassets */,
			);
			name = Sources;
			sourceTree = "<group>";
		};
		83A3554B1CA019D1001C99F2 /* Login */ = {
			isa = PBXGroup;
			children = (
				83A3554E1CA019FB001C99F2 /* Model */,
				83A3554D1CA019F8001C99F2 /* View */,
				83A3554C1CA019E5001C99F2 /* Controller */,
			);
			name = Login;
			sourceTree = "<group>";
		};
		83A3554C1CA019E5001C99F2 /* Controller */ = {
			isa = PBXGroup;
			children = (
				83A355551CA076EA001C99F2 /* PreLoginViewController.h */,
				83A355561CA076EA001C99F2 /* PreLoginViewController.m */,
				83A355501CA028E3001C99F2 /* LoginViewController.h */,
				83A355511CA028E3001C99F2 /* LoginViewController.m */,
			);
			name = Controller;
			sourceTree = "<group>";
		};
		83A3554D1CA019F8001C99F2 /* View */ = {
			isa = PBXGroup;
			children = (
				83A355531CA02939001C99F2 /* PreLogin.storyboard */,
				83FA5F281CA1B460008426FF /* Login.storyboard */,
				83FA5F1C1CA1A51A008426FF /* BaseTextField.h */,
				83FA5F1D1CA1A51A008426FF /* BaseTextField.m */,
			);
			name = View;
			sourceTree = "<group>";
		};
		83A3554E1CA019FB001C99F2 /* Model */ = {
			isa = PBXGroup;
			children = (
				832F570B1CD7896B000F46AA /* TokenModel.h */,
				832F570C1CD7896B000F46AA /* TokenModel.m */,
			);
			name = Model;
			sourceTree = "<group>";
		};
		83B787C21C9FD75400B60AF7 = {
			isa = PBXGroup;
			children = (
				83B787CD1C9FD75400B60AF7 /* VChat */,
				83B787E71C9FD75400B60AF7 /* VChatTests */,
				83B787F21C9FD75400B60AF7 /* VChatUITests */,
				83B787CC1C9FD75400B60AF7 /* Products */,
				D0AAB16A780CAB9F9D50E193 /* Pods */,
				73633FA5A81EB9646108FF06 /* Frameworks */,
			);
			sourceTree = "<group>";
		};
		83B787CC1C9FD75400B60AF7 /* Products */ = {
			isa = PBXGroup;
			children = (
				83B787CB1C9FD75400B60AF7 /* VChat.app */,
				83B787E41C9FD75400B60AF7 /* VChatTests.xctest */,
				83B787EF1C9FD75400B60AF7 /* VChatUITests.xctest */,
			);
			name = Products;
			sourceTree = "<group>";
		};
		83B787CD1C9FD75400B60AF7 /* VChat */ = {
			isa = PBXGroup;
			children = (
				83B787D11C9FD75400B60AF7 /* AppDelegate.h */,
				83B787D21C9FD75400B60AF7 /* AppDelegate.m */,
				83DEAC761CD6F10F009A6CAB /* Network */,
				83D0D6221CD385A000CB2B26 /* Common */,
				83A3554B1CA019D1001C99F2 /* Login */,
				83E7F8711CD62FAE00F94FCA /* Register */,
				83FA5F1F1CA1AEF3008426FF /* Main */,
				83FA5F4E1CA25A01008426FF /* Chats */,
				83FA5F4D1CA25A00008426FF /* Contacts */,
				83FA5F4C1CA259FF008426FF /* Discover */,
				83FA5F4B1CA259FC008426FF /* Me */,
				83B787DC1C9FD75400B60AF7 /* LaunchScreen.storyboard */,
				83B787DF1C9FD75400B60AF7 /* Info.plist */,
				83B787CE1C9FD75400B60AF7 /* Supporting Files */,
			);
			path = VChat;
			sourceTree = "<group>";
		};
		83B787CE1C9FD75400B60AF7 /* Supporting Files */ = {
			isa = PBXGroup;
			children = (
				8355E5FB1CD475D500FC7A51 /* Sources */,
				83A3554F1CA02536001C99F2 /* VChatPrefixHeader.pch */,
				83B787CF1C9FD75400B60AF7 /* main.m */,
			);
			name = "Supporting Files";
			sourceTree = "<group>";
		};
		83B787E71C9FD75400B60AF7 /* VChatTests */ = {
			isa = PBXGroup;
			children = (
				83B787E81C9FD75400B60AF7 /* VChatTests.m */,
				83B787EA1C9FD75400B60AF7 /* Info.plist */,
			);
			path = VChatTests;
			sourceTree = "<group>";
		};
		83B787F21C9FD75400B60AF7 /* VChatUITests */ = {
			isa = PBXGroup;
			children = (
				83B787F31C9FD75400B60AF7 /* VChatUITests.m */,
				83B787F51C9FD75400B60AF7 /* Info.plist */,
			);
			path = VChatUITests;
			sourceTree = "<group>";
		};
		83D0D6221CD385A000CB2B26 /* Common */ = {
			isa = PBXGroup;
			children = (
				83D0D6231CD385D900CB2B26 /* BaseViewController.h */,
				83D0D6241CD385D900CB2B26 /* BaseViewController.m */,
				838FAD261CEC1C7B0041D13D /* NSString+FirstCharacter.h */,
				838FAD271CEC1C7B0041D13D /* NSString+FirstCharacter.m */,
				8372A1461CD798730030385B /* NSString+SHA1.h */,
				8372A1471CD798730030385B /* NSString+SHA1.m */,
				83C24F251CE6406F000BF792 /* BlurView.h */,
				83C24F261CE6406F000BF792 /* BlurView.m */,
			);
			name = Common;
			sourceTree = "<group>";
		};
		83DEAC761CD6F10F009A6CAB /* Network */ = {
			isa = PBXGroup;
			children = (
				832F57041CD786FD000F46AA /* Register.h */,
				832F57051CD786FD000F46AA /* Register.m */,
				832F57061CD786FD000F46AA /* UserService.h */,
				832F57071CD786FD000F46AA /* UserService.m */,
			);
			name = Network;
			path = ..;
			sourceTree = "<group>";
		};
		83E7F8711CD62FAE00F94FCA /* Register */ = {
			isa = PBXGroup;
			children = (
				83E7F8741CD62FD800F94FCA /* Model */,
				83E7F8731CD62FD600F94FCA /* View */,
				83E7F8721CD62FCF00F94FCA /* Controller */,
			);
			name = Register;
			sourceTree = "<group>";
		};
		83E7F8721CD62FCF00F94FCA /* Controller */ = {
			isa = PBXGroup;
			children = (
				83E7F8751CD6306B00F94FCA /* RegisterViaPhoneViewController.h */,
				83E7F8761CD6306B00F94FCA /* RegisterViaPhoneViewController.m */,
				83E7F8781CD6309B00F94FCA /* VerifyViewController.h */,
				83E7F8791CD6309B00F94FCA /* VerifyViewController.m */,
				83E7F87B1CD630F300F94FCA /* PersonalInfoViewController.h */,
				83E7F87C1CD630F300F94FCA /* PersonalInfoViewController.m */,
			);
			name = Controller;
			sourceTree = "<group>";
		};
		83E7F8731CD62FD600F94FCA /* View */ = {
			isa = PBXGroup;
			children = (
				83E7F87E1CD6314400F94FCA /* Register.storyboard */,
			);
			name = View;
			sourceTree = "<group>";
		};
		83E7F8741CD62FD800F94FCA /* Model */ = {
			isa = PBXGroup;
			children = (
			);
			name = Model;
			sourceTree = "<group>";
		};
		83FA5F1F1CA1AEF3008426FF /* Main */ = {
			isa = PBXGroup;
			children = (
				83FA5F221CA1AF87008426FF /* Model */,
				83FA5F211CA1AF80008426FF /* View */,
				83FA5F201CA1AF74008426FF /* Controller */,
			);
			name = Main;
			sourceTree = "<group>";
		};
		83FA5F201CA1AF74008426FF /* Controller */ = {
			isa = PBXGroup;
			children = (
				83FA5F251CA1B2B8008426FF /* MainTabBarController.h */,
				83FA5F261CA1B2B8008426FF /* MainTabBarController.m */,
			);
			name = Controller;
			sourceTree = "<group>";
		};
		83FA5F211CA1AF80008426FF /* View */ = {
			isa = PBXGroup;
			children = (
				83FA5F2A1CA1B5C5008426FF /* Main.storyboard */,
			);
			name = View;
			sourceTree = "<group>";
		};
		83FA5F221CA1AF87008426FF /* Model */ = {
			isa = PBXGroup;
			children = (
			);
			name = Model;
			sourceTree = "<group>";
		};
		83FA5F4B1CA259FC008426FF /* Me */ = {
			isa = PBXGroup;
			children = (
				83FA5F5A1CA25A74008426FF /* Model */,
				83FA5F591CA25A73008426FF /* View */,
				83FA5F581CA25A72008426FF /* Controller */,
			);
			name = Me;
			sourceTree = "<group>";
		};
		83FA5F4C1CA259FF008426FF /* Discover */ = {
			isa = PBXGroup;
			children = (
				83FA5F571CA25A5B008426FF /* Model */,
				83FA5F561CA25A59008426FF /* View */,
				83FA5F551CA25A58008426FF /* Controller */,
			);
			name = Discover;
			sourceTree = "<group>";
		};
		83FA5F4D1CA25A00008426FF /* Contacts */ = {
			isa = PBXGroup;
			children = (
				83FA5F541CA25A4A008426FF /* Model */,
				83FA5F531CA25A49008426FF /* View */,
				83FA5F521CA25A48008426FF /* Controller */,
			);
			name = Contacts;
			sourceTree = "<group>";
		};
		83FA5F4E1CA25A01008426FF /* Chats */ = {
			isa = PBXGroup;
			children = (
				83FA5F511CA25A3C008426FF /* Model */,
				83FA5F501CA25A3B008426FF /* View */,
				83FA5F4F1CA25A39008426FF /* Controller */,
			);
			name = Chats;
			sourceTree = "<group>";
		};
		83FA5F4F1CA25A39008426FF /* Controller */ = {
			isa = PBXGroup;
			children = (
				832A2BA51CD4564800CEBEA9 /* HomeViewController.h */,
				832A2BA61CD4564800CEBEA9 /* HomeViewController.m */,
				83C24F3D1CE78AB7000BF792 /* SystemMessageViewController.h */,
				83C24F3E1CE78AB7000BF792 /* SystemMessageViewController.m */,
				8385B6C01CD597D20005EFE6 /* ChatViewController.h */,
				8385B6C11CD597D20005EFE6 /* ChatViewController.m */,
			);
			name = Controller;
			sourceTree = "<group>";
		};
		83FA5F501CA25A3B008426FF /* View */ = {
			isa = PBXGroup;
			children = (
				8385B6C91CD5B17E0005EFE6 /* Home.storyboard */,
				83C24F3B1CE7894E000BF792 /* SystemMessage.storyboard */,
				8385B6C71CD5B1500005EFE6 /* Chat.storyboard */,
			);
			name = View;
			sourceTree = "<group>";
		};
		83FA5F511CA25A3C008426FF /* Model */ = {
			isa = PBXGroup;
			children = (
			);
			name = Model;
			sourceTree = "<group>";
		};
		83FA5F521CA25A48008426FF /* Controller */ = {
			isa = PBXGroup;
			children = (
				83EA57A01CD47E4700D00B0E /* ContactsViewController.h */,
				83EA57A11CD47E4700D00B0E /* ContactsViewController.m */,
				83C24F2A1CE6CC3C000BF792 /* FriendInfoViewController.h */,
				83C24F2B1CE6CC3C000BF792 /* FriendInfoViewController.m */,
				834FA6D41CE9817A00EFFA92 /* FriendVerifyViewController.h */,
				834FA6D51CE9817A00EFFA92 /* FriendVerifyViewController.m */,
			);
			name = Controller;
			sourceTree = "<group>";
		};
		83FA5F531CA25A49008426FF /* View */ = {
			isa = PBXGroup;
			children = (
				83FA5F5D1CA25F5C008426FF /* Contacts.storyboard */,
				83C24F281CE6CC0E000BF792 /* FriendInfo.storyboard */,
				83EA57A31CD47F1F00D00B0E /* ContactTableViewCell.h */,
				83EA57A41CD47F1F00D00B0E /* ContactTableViewCell.m */,
				83C24F331CE716AA000BF792 /* FriendInfoTableViewCell.h */,
				83C24F341CE716AA000BF792 /* FriendInfoTableViewCell.m */,
				83C24F2D1CE7152D000BF792 /* FriendTableViewCell.h */,
				83C24F2E1CE7152D000BF792 /* FriendTableViewCell.m */,
				83E9FB551CE9B293001CE958 /* FriendVerifyMessageTableViewCell.h */,
				83E9FB561CE9B293001CE958 /* FriendVerifyMessageTableViewCell.m */,
			);
			name = View;
			sourceTree = "<group>";
		};
		83FA5F541CA25A4A008426FF /* Model */ = {
			isa = PBXGroup;
			children = (
				83C24F361CE720F8000BF792 /* FriendInfoModel.h */,
				83C24F371CE720F8000BF792 /* FriendInfoModel.m */,
				838FAD291CEC22A60041D13D /* ContactGroupModel.h */,
				838FAD2A1CEC22A60041D13D /* ContactGroupModel.m */,
			);
			name = Model;
			sourceTree = "<group>";
		};
		83FA5F551CA25A58008426FF /* Controller */ = {
			isa = PBXGroup;
			children = (
				83EA57B31CD483B400D00B0E /* DiscoverViewController.h */,
				83EA57B41CD483B400D00B0E /* DiscoverViewController.m */,
				83D85F8C1CED5ECE00704539 /* QRCodeScanViewController.h */,
				83D85F8D1CED5ECE00704539 /* QRCodeScanViewController.m */,
				83F375301CED75F5006B5667 /* WebViewController.h */,
				83F375311CED75F5006B5667 /* WebViewController.m */,
			);
			name = Controller;
			sourceTree = "<group>";
		};
		83FA5F561CA25A59008426FF /* View */ = {
			isa = PBXGroup;
			children = (
				83FA5F5F1CA25F72008426FF /* Discover.storyboard */,
				83D85F8A1CED5E8C00704539 /* QRCodeScan.storyboard */,
				83F375331CED7617006B5667 /* WebView.storyboard */,
				83EA57B01CD4838C00D00B0E /* DiscoverTableViewCell.h */,
				83EA57B11CD4838C00D00B0E /* DiscoverTableViewCell.m */,
			);
			name = View;
			sourceTree = "<group>";
		};
		83FA5F571CA25A5B008426FF /* Model */ = {
			isa = PBXGroup;
			children = (
			);
			name = Model;
			sourceTree = "<group>";
		};
		83FA5F581CA25A72008426FF /* Controller */ = {
			isa = PBXGroup;
			children = (
				83EA57BF1CD4F61200D00B0E /* MeViewController.h */,
				83EA57C01CD4F61200D00B0E /* MeViewController.m */,
				834270831CEC9E4000E6A029 /* MeInfoViewController.h */,
				834270841CEC9E4000E6A029 /* MeInfoViewController.m */,
				83F3753A1CEDB7AC006B5667 /* SettingViewController.h */,
				83F3753B1CEDB7AC006B5667 /* SettingViewController.m */,
				834270881CECB2F800E6A029 /* AvatarSettingViewController.h */,
				834270891CECB2F800E6A029 /* AvatarSettingViewController.m */,
				834270911CECC7EF00E6A029 /* NickNameSettingViewController.h */,
				834270921CECC7EF00E6A029 /* NickNameSettingViewController.m */,
				834270961CECDB5D00E6A029 /* QRCodeViewController.h */,
				834270971CECDB5D00E6A029 /* QRCodeViewController.m */,
				834270991CECE1F000E6A029 /* SexSettingViewController.h */,
				8342709A1CECE1F000E6A029 /* SexSettingViewController.m */,
				834270A51CECEC8C00E6A029 /* AreaSettingViewController.h */,
				834270A61CECEC8C00E6A029 /* AreaSettingViewController.m */,
				834270A81CECEEB600E6A029 /* SignatureSettingViewController.h */,
				834270A91CECEEB600E6A029 /* SignatureSettingViewController.m */,
			);
			name = Controller;
			sourceTree = "<group>";
		};
		83FA5F591CA25A73008426FF /* View */ = {
			isa = PBXGroup;
			children = (
				83FA5F611CA25F90008426FF /* Me.storyboard */,
				834270861CEC9E6A00E6A029 /* MeInfo.storyboard */,
				83F375351CEDB4FA006B5667 /* Setting.storyboard */,
				8342708D1CECB35B00E6A029 /* AvatarSetting.storyboard */,
				8342708F1CECC7CE00E6A029 /* NickNameSetting.storyboard */,
				834270941CECD2A800E6A029 /* QRCode.storyboard */,
				8342709F1CECE38F00E6A029 /* SexSetting.storyboard */,
				834270A31CECEB6E00E6A029 /* AreaSetting.storyboard */,
				834270AB1CECEF1500E6A029 /* SignatureSetting.storyboard */,
				83EA57B61CD4EE4700D00B0E /* MeInfoTableViewCell.h */,
				83EA57B71CD4EE4700D00B0E /* MeInfoTableViewCell.m */,
				83EA57B91CD4F47800D00B0E /* MeTableViewCell.h */,
				83EA57BA1CD4F47800D00B0E /* MeTableViewCell.m */,
				8342707D1CEC9BDB00E6A029 /* AvatarTableViewCell.h */,
				8342707E1CEC9BDB00E6A029 /* AvatarTableViewCell.m */,
				834270801CEC9C1A00E6A029 /* InfoTableViewCell.h */,
				834270811CEC9C1A00E6A029 /* InfoTableViewCell.m */,
				8342709C1CECE35900E6A029 /* SexTableViewCell.h */,
				8342709D1CECE35900E6A029 /* SexTableViewCell.m */,
				83F375371CEDB74B006B5667 /* LogOutTableViewCell.h */,
				83F375381CEDB74B006B5667 /* LogOutTableViewCell.m */,
			);
			name = View;
			sourceTree = "<group>";
		};
		83FA5F5A1CA25A74008426FF /* Model */ = {
			isa = PBXGroup;
			children = (
			);
			name = Model;
			sourceTree = "<group>";
		};
		D0AAB16A780CAB9F9D50E193 /* Pods */ = {
			isa = PBXGroup;
			children = (
				C78E9EBB7BC5514BE76A0642 /* Pods.debug.xcconfig */,
				F564BFDC702DFB2FDCF0A05F /* Pods.release.xcconfig */,
			);
			name = Pods;
			sourceTree = "<group>";
		};
/* End PBXGroup section */

/* Begin PBXNativeTarget section */
		83B787CA1C9FD75400B60AF7 /* VChat */ = {
			isa = PBXNativeTarget;
			buildConfigurationList = 83B787F81C9FD75400B60AF7 /* Build configuration list for PBXNativeTarget "VChat" */;
			buildPhases = (
				D58817F994DD0565CDDEE39E /* Check Pods Manifest.lock */,
				83B787C71C9FD75400B60AF7 /* Sources */,
				83B787C81C9FD75400B60AF7 /* Frameworks */,
				83B787C91C9FD75400B60AF7 /* Resources */,
				17178F6A64AE9A31CA299AA4 /* Embed Pods Frameworks */,
				A85D783A444A417844CD6121 /* Copy Pods Resources */,
			);
			buildRules = (
			);
			dependencies = (
			);
			name = VChat;
			productName = VChat;
			productReference = 83B787CB1C9FD75400B60AF7 /* VChat.app */;
			productType = "com.apple.product-type.application";
		};
		83B787E31C9FD75400B60AF7 /* VChatTests */ = {
			isa = PBXNativeTarget;
			buildConfigurationList = 83B787FB1C9FD75400B60AF7 /* Build configuration list for PBXNativeTarget "VChatTests" */;
			buildPhases = (
				83B787E01C9FD75400B60AF7 /* Sources */,
				83B787E11C9FD75400B60AF7 /* Frameworks */,
				83B787E21C9FD75400B60AF7 /* Resources */,
			);
			buildRules = (
			);
			dependencies = (
				83B787E61C9FD75400B60AF7 /* PBXTargetDependency */,
			);
			name = VChatTests;
			productName = VChatTests;
			productReference = 83B787E41C9FD75400B60AF7 /* VChatTests.xctest */;
			productType = "com.apple.product-type.bundle.unit-test";
		};
		83B787EE1C9FD75400B60AF7 /* VChatUITests */ = {
			isa = PBXNativeTarget;
			buildConfigurationList = 83B787FE1C9FD75400B60AF7 /* Build configuration list for PBXNativeTarget "VChatUITests" */;
			buildPhases = (
				83B787EB1C9FD75400B60AF7 /* Sources */,
				83B787EC1C9FD75400B60AF7 /* Frameworks */,
				83B787ED1C9FD75400B60AF7 /* Resources */,
			);
			buildRules = (
			);
			dependencies = (
				83B787F11C9FD75400B60AF7 /* PBXTargetDependency */,
			);
			name = VChatUITests;
			productName = VChatUITests;
			productReference = 83B787EF1C9FD75400B60AF7 /* VChatUITests.xctest */;
			productType = "com.apple.product-type.bundle.ui-testing";
		};
/* End PBXNativeTarget section */

/* Begin PBXProject section */
		83B787C31C9FD75400B60AF7 /* Project object */ = {
			isa = PBXProject;
			attributes = {
				LastUpgradeCheck = 0720;
				ORGANIZATIONNAME = Recover;
				TargetAttributes = {
					83B787CA1C9FD75400B60AF7 = {
						CreatedOnToolsVersion = 7.2.1;
						DevelopmentTeam = BSX56YTBJ6;
					};
					83B787E31C9FD75400B60AF7 = {
						CreatedOnToolsVersion = 7.2.1;
						DevelopmentTeam = BSX56YTBJ6;
						TestTargetID = 83B787CA1C9FD75400B60AF7;
					};
					83B787EE1C9FD75400B60AF7 = {
						CreatedOnToolsVersion = 7.2.1;
						DevelopmentTeam = BSX56YTBJ6;
						TestTargetID = 83B787CA1C9FD75400B60AF7;
					};
				};
			};
			buildConfigurationList = 83B787C61C9FD75400B60AF7 /* Build configuration list for PBXProject "VChat" */;
			compatibilityVersion = "Xcode 3.2";
			developmentRegion = English;
			hasScannedForEncodings = 0;
			knownRegions = (
				en,
				Base,
			);
			mainGroup = 83B787C21C9FD75400B60AF7;
			productRefGroup = 83B787CC1C9FD75400B60AF7 /* Products */;
			projectDirPath = "";
			projectRoot = "";
			targets = (
				83B787CA1C9FD75400B60AF7 /* VChat */,
				83B787E31C9FD75400B60AF7 /* VChatTests */,
				83B787EE1C9FD75400B60AF7 /* VChatUITests */,
			);
		};
/* End PBXProject section */

/* Begin PBXResourcesBuildPhase section */
		83B787C91C9FD75400B60AF7 /* Resources */ = {
			isa = PBXResourcesBuildPhase;
			buildActionMask = 2147483647;
			files = (
				8385B6C81CD5B1500005EFE6 /* Chat.storyboard in Resources */,
				834270951CECD2A800E6A029 /* QRCode.storyboard in Resources */,
				83EA57AF1CD47F5000D00B0E /* Me.xcassets in Resources */,
				83FA5F601CA25F72008426FF /* Discover.storyboard in Resources */,
				83B787DE1C9FD75400B60AF7 /* LaunchScreen.storyboard in Resources */,
				83F375361CEDB4FA006B5667 /* Setting.storyboard in Resources */,
				83FA5F2B1CA1B5C5008426FF /* Main.storyboard in Resources */,
				83FA5F621CA25F90008426FF /* Me.storyboard in Resources */,
				83A355541CA02939001C99F2 /* PreLogin.storyboard in Resources */,
				8342708E1CECB35B00E6A029 /* AvatarSetting.storyboard in Resources */,
				8385B6CA1CD5B17E0005EFE6 /* Home.storyboard in Resources */,
				83EA57AD1CD47F5000D00B0E /* Home.xcassets in Resources */,
				83EA57AC1CD47F5000D00B0E /* Discover.xcassets in Resources */,
				834270A41CECEB6E00E6A029 /* AreaSetting.storyboard in Resources */,
				83D85F8B1CED5E8C00704539 /* QRCodeScan.storyboard in Resources */,
				83EA57AB1CD47F5000D00B0E /* Contacts.xcassets in Resources */,
				83C24F3C1CE7894E000BF792 /* SystemMessage.storyboard in Resources */,
				834270901CECC7CE00E6A029 /* NickNameSetting.storyboard in Resources */,
				83EA57AE1CD47F5000D00B0E /* Images.xcassets in Resources */,
				83F375341CED7617006B5667 /* WebView.storyboard in Resources */,
				83FA5F5E1CA25F5C008426FF /* Contacts.storyboard in Resources */,
				834270AC1CECEF1500E6A029 /* SignatureSetting.storyboard in Resources */,
				834270871CEC9E6A00E6A029 /* MeInfo.storyboard in Resources */,
				83FA5F291CA1B460008426FF /* Login.storyboard in Resources */,
				83E7F87F1CD6314400F94FCA /* Register.storyboard in Resources */,
				834270A01CECE38F00E6A029 /* SexSetting.storyboard in Resources */,
				83C24F291CE6CC0E000BF792 /* FriendInfo.storyboard in Resources */,
			);
			runOnlyForDeploymentPostprocessing = 0;
		};
		83B787E21C9FD75400B60AF7 /* Resources */ = {
			isa = PBXResourcesBuildPhase;
			buildActionMask = 2147483647;
			files = (
			);
			runOnlyForDeploymentPostprocessing = 0;
		};
		83B787ED1C9FD75400B60AF7 /* Resources */ = {
			isa = PBXResourcesBuildPhase;
			buildActionMask = 2147483647;
			files = (
			);
			runOnlyForDeploymentPostprocessing = 0;
		};
/* End PBXResourcesBuildPhase section */

/* Begin PBXShellScriptBuildPhase section */
		17178F6A64AE9A31CA299AA4 /* Embed Pods Frameworks */ = {
			isa = PBXShellScriptBuildPhase;
			buildActionMask = 2147483647;
			files = (
			);
			inputPaths = (
			);
			name = "Embed Pods Frameworks";
			outputPaths = (
			);
			runOnlyForDeploymentPostprocessing = 0;
			shellPath = /bin/sh;
			shellScript = "\"${SRCROOT}/Pods/Target Support Files/Pods/Pods-frameworks.sh\"\n";
			showEnvVarsInLog = 0;
		};
		A85D783A444A417844CD6121 /* Copy Pods Resources */ = {
			isa = PBXShellScriptBuildPhase;
			buildActionMask = 2147483647;
			files = (
			);
			inputPaths = (
			);
			name = "Copy Pods Resources";
			outputPaths = (
			);
			runOnlyForDeploymentPostprocessing = 0;
			shellPath = /bin/sh;
			shellScript = "\"${SRCROOT}/Pods/Target Support Files/Pods/Pods-resources.sh\"\n";
			showEnvVarsInLog = 0;
		};
		D58817F994DD0565CDDEE39E /* Check Pods Manifest.lock */ = {
			isa = PBXShellScriptBuildPhase;
			buildActionMask = 2147483647;
			files = (
			);
			inputPaths = (
			);
			name = "Check Pods Manifest.lock";
			outputPaths = (
			);
			runOnlyForDeploymentPostprocessing = 0;
			shellPath = /bin/sh;
			shellScript = "diff \"${PODS_ROOT}/../Podfile.lock\" \"${PODS_ROOT}/Manifest.lock\" > /dev/null\nif [[ $? != 0 ]] ; then\n    cat << EOM\nerror: The sandbox is not in sync with the Podfile.lock. Run 'pod install' or update your CocoaPods installation.\nEOM\n    exit 1\nfi\n";
			showEnvVarsInLog = 0;
		};
/* End PBXShellScriptBuildPhase section */

/* Begin PBXSourcesBuildPhase section */
		83B787C71C9FD75400B60AF7 /* Sources */ = {
			isa = PBXSourcesBuildPhase;
			buildActionMask = 2147483647;
			files = (
				83C24F3F1CE78AB7000BF792 /* SystemMessageViewController.m in Sources */,
				834270AA1CECEEB600E6A029 /* SignatureSettingViewController.m in Sources */,
				83EA57B21CD4838C00D00B0E /* DiscoverTableViewCell.m in Sources */,
				83C24F2F1CE7152D000BF792 /* FriendTableViewCell.m in Sources */,
				83B787D31C9FD75400B60AF7 /* AppDelegate.m in Sources */,
				83C24F271CE6406F000BF792 /* BlurView.m in Sources */,
				832F570A1CD786FD000F46AA /* UserService.m in Sources */,
				83D0D6251CD385D900CB2B26 /* BaseViewController.m in Sources */,
				83EA57A51CD47F1F00D00B0E /* ContactTableViewCell.m in Sources */,
				834270981CECDB5D00E6A029 /* QRCodeViewController.m in Sources */,
				83EA57B51CD483B400D00B0E /* DiscoverViewController.m in Sources */,
				8342709B1CECE1F000E6A029 /* SexSettingViewController.m in Sources */,
				83F3753C1CEDB7AC006B5667 /* SettingViewController.m in Sources */,
				83E7F87A1CD6309B00F94FCA /* VerifyViewController.m in Sources */,
				83EA57BB1CD4F47800D00B0E /* MeTableViewCell.m in Sources */,
				834270931CECC7EF00E6A029 /* NickNameSettingViewController.m in Sources */,
				83EA57B81CD4EE4700D00B0E /* MeInfoTableViewCell.m in Sources */,
				838FAD281CEC1C7B0041D13D /* NSString+FirstCharacter.m in Sources */,
				83FA5F271CA1B2B8008426FF /* MainTabBarController.m in Sources */,
				8342707F1CEC9BDB00E6A029 /* AvatarTableViewCell.m in Sources */,
				834FA6D61CE9817A00EFFA92 /* FriendVerifyViewController.m in Sources */,
				83C24F2C1CE6CC3C000BF792 /* FriendInfoViewController.m in Sources */,
				83C24F351CE716AA000BF792 /* FriendInfoTableViewCell.m in Sources */,
				8372A1481CD798730030385B /* NSString+SHA1.m in Sources */,
				8342709E1CECE35900E6A029 /* SexTableViewCell.m in Sources */,
				83B787D01C9FD75400B60AF7 /* main.m in Sources */,
				83A355571CA076EA001C99F2 /* PreLoginViewController.m in Sources */,
				838FAD2B1CEC22A60041D13D /* ContactGroupModel.m in Sources */,
				83A355521CA028E3001C99F2 /* LoginViewController.m in Sources */,
				83E9FB571CE9B293001CE958 /* FriendVerifyMessageTableViewCell.m in Sources */,
				83F375391CEDB74B006B5667 /* LogOutTableViewCell.m in Sources */,
				83EA57A21CD47E4700D00B0E /* ContactsViewController.m in Sources */,
				83FA5F1E1CA1A51A008426FF /* BaseTextField.m in Sources */,
				83F375321CED75F5006B5667 /* WebViewController.m in Sources */,
				832F57091CD786FD000F46AA /* Register.m in Sources */,
				832F570D1CD7896B000F46AA /* TokenModel.m in Sources */,
				8385B6C21CD597D20005EFE6 /* ChatViewController.m in Sources */,
				83EA57C11CD4F61200D00B0E /* MeViewController.m in Sources */,
				83E7F8771CD6306B00F94FCA /* RegisterViaPhoneViewController.m in Sources */,
				8342708A1CECB2F800E6A029 /* AvatarSettingViewController.m in Sources */,
				834270A71CECEC8C00E6A029 /* AreaSettingViewController.m in Sources */,
				83E7F87D1CD630F300F94FCA /* PersonalInfoViewController.m in Sources */,
				832A2BA71CD4564800CEBEA9 /* HomeViewController.m in Sources */,
				83C24F381CE720F8000BF792 /* FriendInfoModel.m in Sources */,
				834270851CEC9E4000E6A029 /* MeInfoViewController.m in Sources */,
				834270821CEC9C1A00E6A029 /* InfoTableViewCell.m in Sources */,
				83D85F8E1CED5ECE00704539 /* QRCodeScanViewController.m in Sources */,
			);
			runOnlyForDeploymentPostprocessing = 0;
		};
		83B787E01C9FD75400B60AF7 /* Sources */ = {
			isa = PBXSourcesBuildPhase;
			buildActionMask = 2147483647;
			files = (
				83B787E91C9FD75400B60AF7 /* VChatTests.m in Sources */,
			);
			runOnlyForDeploymentPostprocessing = 0;
		};
		83B787EB1C9FD75400B60AF7 /* Sources */ = {
			isa = PBXSourcesBuildPhase;
			buildActionMask = 2147483647;
			files = (
				83B787F41C9FD75400B60AF7 /* VChatUITests.m in Sources */,
			);
			runOnlyForDeploymentPostprocessing = 0;
		};
/* End PBXSourcesBuildPhase section */

/* Begin PBXTargetDependency section */
		83B787E61C9FD75400B60AF7 /* PBXTargetDependency */ = {
			isa = PBXTargetDependency;
			target = 83B787CA1C9FD75400B60AF7 /* VChat */;
			targetProxy = 83B787E51C9FD75400B60AF7 /* PBXContainerItemProxy */;
		};
		83B787F11C9FD75400B60AF7 /* PBXTargetDependency */ = {
			isa = PBXTargetDependency;
			target = 83B787CA1C9FD75400B60AF7 /* VChat */;
			targetProxy = 83B787F01C9FD75400B60AF7 /* PBXContainerItemProxy */;
		};
/* End PBXTargetDependency section */

/* Begin PBXVariantGroup section */
		83B787DC1C9FD75400B60AF7 /* LaunchScreen.storyboard */ = {
			isa = PBXVariantGroup;
			children = (
				83B787DD1C9FD75400B60AF7 /* Base */,
			);
			name = LaunchScreen.storyboard;
			sourceTree = "<group>";
		};
/* End PBXVariantGroup section */

/* Begin XCBuildConfiguration section */
		83B787F61C9FD75400B60AF7 /* Debug */ = {
			isa = XCBuildConfiguration;
			buildSettings = {
				ALWAYS_SEARCH_USER_PATHS = NO;
				CLANG_CXX_LANGUAGE_STANDARD = "gnu++0x";
				CLANG_CXX_LIBRARY = "libc++";
				CLANG_ENABLE_MODULES = YES;
				CLANG_ENABLE_OBJC_ARC = YES;
				CLANG_WARN_BOOL_CONVERSION = YES;
				CLANG_WARN_CONSTANT_CONVERSION = YES;
				CLANG_WARN_DIRECT_OBJC_ISA_USAGE = YES_ERROR;
				CLANG_WARN_EMPTY_BODY = YES;
				CLANG_WARN_ENUM_CONVERSION = YES;
				CLANG_WARN_INT_CONVERSION = YES;
				CLANG_WARN_OBJC_ROOT_CLASS = YES_ERROR;
				CLANG_WARN_UNREACHABLE_CODE = YES;
				CLANG_WARN__DUPLICATE_METHOD_MATCH = YES;
				"CODE_SIGN_IDENTITY[sdk=iphoneos*]" = "iPhone Developer";
				COPY_PHASE_STRIP = NO;
				DEBUG_INFORMATION_FORMAT = dwarf;
				ENABLE_STRICT_OBJC_MSGSEND = YES;
				ENABLE_TESTABILITY = YES;
				GCC_C_LANGUAGE_STANDARD = gnu99;
				GCC_DYNAMIC_NO_PIC = NO;
				GCC_NO_COMMON_BLOCKS = YES;
				GCC_OPTIMIZATION_LEVEL = 0;
				GCC_PREPROCESSOR_DEFINITIONS = (
					"DEBUG=1",
					"$(inherited)",
				);
				GCC_WARN_64_TO_32_BIT_CONVERSION = YES;
				GCC_WARN_ABOUT_RETURN_TYPE = YES_ERROR;
				GCC_WARN_UNDECLARED_SELECTOR = YES;
				GCC_WARN_UNINITIALIZED_AUTOS = YES_AGGRESSIVE;
				GCC_WARN_UNUSED_FUNCTION = YES;
				GCC_WARN_UNUSED_VARIABLE = YES;
				IPHONEOS_DEPLOYMENT_TARGET = 9.2;
				MTL_ENABLE_DEBUG_INFO = YES;
				ONLY_ACTIVE_ARCH = YES;
				SDKROOT = iphoneos;
			};
			name = Debug;
		};
		83B787F71C9FD75400B60AF7 /* Release */ = {
			isa = XCBuildConfiguration;
			buildSettings = {
				ALWAYS_SEARCH_USER_PATHS = NO;
				CLANG_CXX_LANGUAGE_STANDARD = "gnu++0x";
				CLANG_CXX_LIBRARY = "libc++";
				CLANG_ENABLE_MODULES = YES;
				CLANG_ENABLE_OBJC_ARC = YES;
				CLANG_WARN_BOOL_CONVERSION = YES;
				CLANG_WARN_CONSTANT_CONVERSION = YES;
				CLANG_WARN_DIRECT_OBJC_ISA_USAGE = YES_ERROR;
				CLANG_WARN_EMPTY_BODY = YES;
				CLANG_WARN_ENUM_CONVERSION = YES;
				CLANG_WARN_INT_CONVERSION = YES;
				CLANG_WARN_OBJC_ROOT_CLASS = YES_ERROR;
				CLANG_WARN_UNREACHABLE_CODE = YES;
				CLANG_WARN__DUPLICATE_METHOD_MATCH = YES;
				"CODE_SIGN_IDENTITY[sdk=iphoneos*]" = "iPhone Developer";
				COPY_PHASE_STRIP = NO;
				DEBUG_INFORMATION_FORMAT = "dwarf-with-dsym";
				ENABLE_NS_ASSERTIONS = NO;
				ENABLE_STRICT_OBJC_MSGSEND = YES;
				GCC_C_LANGUAGE_STANDARD = gnu99;
				GCC_NO_COMMON_BLOCKS = YES;
				GCC_WARN_64_TO_32_BIT_CONVERSION = YES;
				GCC_WARN_ABOUT_RETURN_TYPE = YES_ERROR;
				GCC_WARN_UNDECLARED_SELECTOR = YES;
				GCC_WARN_UNINITIALIZED_AUTOS = YES_AGGRESSIVE;
				GCC_WARN_UNUSED_FUNCTION = YES;
				GCC_WARN_UNUSED_VARIABLE = YES;
				IPHONEOS_DEPLOYMENT_TARGET = 9.2;
				MTL_ENABLE_DEBUG_INFO = NO;
				SDKROOT = iphoneos;
				VALIDATE_PRODUCT = YES;
			};
			name = Release;
		};
		83B787F91C9FD75400B60AF7 /* Debug */ = {
			isa = XCBuildConfiguration;
			baseConfigurationReference = C78E9EBB7BC5514BE76A0642 /* Pods.debug.xcconfig */;
			buildSettings = {
				ASSETCATALOG_COMPILER_APPICON_NAME = AppIcon;
				CODE_SIGN_IDENTITY = "iPhone Developer";
				"CODE_SIGN_IDENTITY[sdk=iphoneos*]" = "iPhone Developer";
				GCC_PRECOMPILE_PREFIX_HEADER = YES;
				GCC_PREFIX_HEADER = VChat/VChatPrefixHeader.pch;
				INFOPLIST_FILE = VChat/Info.plist;
				LD_RUNPATH_SEARCH_PATHS = "$(inherited) @executable_path/Frameworks";
				PRODUCT_BUNDLE_IDENTIFIER = com.Recover.VChat;
				PRODUCT_NAME = "$(TARGET_NAME)";
				PROVISIONING_PROFILE = "";
			};
			name = Debug;
		};
		83B787FA1C9FD75400B60AF7 /* Release */ = {
			isa = XCBuildConfiguration;
			baseConfigurationReference = F564BFDC702DFB2FDCF0A05F /* Pods.release.xcconfig */;
			buildSettings = {
				ASSETCATALOG_COMPILER_APPICON_NAME = AppIcon;
				CODE_SIGN_IDENTITY = "iPhone Developer";
				"CODE_SIGN_IDENTITY[sdk=iphoneos*]" = "iPhone Developer";
				GCC_PRECOMPILE_PREFIX_HEADER = YES;
				GCC_PREFIX_HEADER = VChat/VChatPrefixHeader.pch;
				INFOPLIST_FILE = VChat/Info.plist;
				LD_RUNPATH_SEARCH_PATHS = "$(inherited) @executable_path/Frameworks";
				PRODUCT_BUNDLE_IDENTIFIER = com.Recover.VChat;
				PRODUCT_NAME = "$(TARGET_NAME)";
				PROVISIONING_PROFILE = "";
			};
			name = Release;
		};
		83B787FC1C9FD75400B60AF7 /* Debug */ = {
			isa = XCBuildConfiguration;
			buildSettings = {
				BUNDLE_LOADER = "$(TEST_HOST)";
				INFOPLIST_FILE = VChatTests/Info.plist;
				LD_RUNPATH_SEARCH_PATHS = "$(inherited) @executable_path/Frameworks @loader_path/Frameworks";
				PRODUCT_BUNDLE_IDENTIFIER = com.Recover.VChatTests;
				PRODUCT_NAME = "$(TARGET_NAME)";
				TEST_HOST = "$(BUILT_PRODUCTS_DIR)/VChat.app/VChat";
			};
			name = Debug;
		};
		83B787FD1C9FD75400B60AF7 /* Release */ = {
			isa = XCBuildConfiguration;
			buildSettings = {
				BUNDLE_LOADER = "$(TEST_HOST)";
				INFOPLIST_FILE = VChatTests/Info.plist;
				LD_RUNPATH_SEARCH_PATHS = "$(inherited) @executable_path/Frameworks @loader_path/Frameworks";
				PRODUCT_BUNDLE_IDENTIFIER = com.Recover.VChatTests;
				PRODUCT_NAME = "$(TARGET_NAME)";
				TEST_HOST = "$(BUILT_PRODUCTS_DIR)/VChat.app/VChat";
			};
			name = Release;
		};
		83B787FF1C9FD75400B60AF7 /* Debug */ = {
			isa = XCBuildConfiguration;
			buildSettings = {
				INFOPLIST_FILE = VChatUITests/Info.plist;
				LD_RUNPATH_SEARCH_PATHS = "$(inherited) @executable_path/Frameworks @loader_path/Frameworks";
				PRODUCT_BUNDLE_IDENTIFIER = com.Recover.VChatUITests;
				PRODUCT_NAME = "$(TARGET_NAME)";
				TEST_TARGET_NAME = VChat;
				USES_XCTRUNNER = YES;
			};
			name = Debug;
		};
		83B788001C9FD75400B60AF7 /* Release */ = {
			isa = XCBuildConfiguration;
			buildSettings = {
				INFOPLIST_FILE = VChatUITests/Info.plist;
				LD_RUNPATH_SEARCH_PATHS = "$(inherited) @executable_path/Frameworks @loader_path/Frameworks";
				PRODUCT_BUNDLE_IDENTIFIER = com.Recover.VChatUITests;
				PRODUCT_NAME = "$(TARGET_NAME)";
				TEST_TARGET_NAME = VChat;
				USES_XCTRUNNER = YES;
			};
			name = Release;
		};
/* End XCBuildConfiguration section */

/* Begin XCConfigurationList section */
		83B787C61C9FD75400B60AF7 /* Build configuration list for PBXProject "VChat" */ = {
			isa = XCConfigurationList;
			buildConfigurations = (
				83B787F61C9FD75400B60AF7 /* Debug */,
				83B787F71C9FD75400B60AF7 /* Release */,
			);
			defaultConfigurationIsVisible = 0;
			defaultConfigurationName = Release;
		};
		83B787F81C9FD75400B60AF7 /* Build configuration list for PBXNativeTarget "VChat" */ = {
			isa = XCConfigurationList;
			buildConfigurations = (
				83B787F91C9FD75400B60AF7 /* Debug */,
				83B787FA1C9FD75400B60AF7 /* Release */,
			);
			defaultConfigurationIsVisible = 0;
			defaultConfigurationName = Release;
		};
		83B787FB1C9FD75400B60AF7 /* Build configuration list for PBXNativeTarget "VChatTests" */ = {
			isa = XCConfigurationList;
			buildConfigurations = (
				83B787FC1C9FD75400B60AF7 /* Debug */,
				83B787FD1C9FD75400B60AF7 /* Release */,
			);
			defaultConfigurationIsVisible = 0;
			defaultConfigurationName = Release;
		};
		83B787FE1C9FD75400B60AF7 /* Build configuration list for PBXNativeTarget "VChatUITests" */ = {
			isa = XCConfigurationList;
			buildConfigurations = (
				83B787FF1C9FD75400B60AF7 /* Debug */,
				83B788001C9FD75400B60AF7 /* Release */,
			);
			defaultConfigurationIsVisible = 0;
			defaultConfigurationName = Release;
		};
/* End XCConfigurationList section */
	};
	rootObject = 83B787C31C9FD75400B60AF7 /* Project object */;
}
